
Microsoft Visual Studio Solution File, Format Version 12.00
# Visual Studio 15
VisualStudioVersion = 15.0.28010.2041
MinimumVisualStudioVersion = 10.0.40219.1
Project("{FAE04EC0-301F-11D3-BF4B-00C04F79EFBC}") = "Connect4Server", "Connect4Server\Connect4Server.csproj", "{869019BA-DA57-4421-927C-3232B2E21879}"
EndProject
Global
	GlobalSection(SolutionConfigurationPlatforms) = preSolution
		Debug|Any CPU = Debug|Any CPU
		Release|Any CPU = Release|Any CPU
	EndGlobalSection
	GlobalSection(ProjectConfigurationPlatforms) = postSolution
		{869019BA-DA57-4421-927C-3232B2E21879}.Debug|Any CPU.ActiveCfg = Debug|Any CPU
		{869019BA-DA57-4421-927C-3232B2E21879}.Debug|Any CPU.Build.0 = Debug|Any CPU
		{869019BA-DA57-4421-927C-3232B2E21879}.Release|Any CPU.ActiveCfg = Release|Any CPU
		{869019BA-DA57-4421-927C-3232B2E21879}.Release|Any CPU.Build.0 = Release|Any CPU
	EndGlobalSection
	GlobalSection(SolutionProperties) = preSolution
		HideSolutionNode = FALSE
	EndGlobalSection
	GlobalSection(ExtensibilityGlobals) = postSolution
		SolutionGuid = {808E91F3-F4BD-4814-9AA2-DA63126EC13E}
	EndGlobalSection
EndGlobal
