
Microsoft Visual Studio Solution File, Format Version 12.00
# Visual Studio Version 16
VisualStudioVersion = 16.0.29319.158
MinimumVisualStudioVersion = 10.0.40219.1
Project("{FAE04EC0-301F-11D3-BF4B-00C04F79EFBC}") = "Czeum.Client", "Czeum.Client\Czeum.Client.csproj", "{3968CF5B-6349-4B9F-872C-50F13A2B711F}"
EndProject
Project("{9A19103F-16F7-4668-BE54-9A1E7A4F7556}") = "Czeum.DAL", "Czeum.DAL\Czeum.DAL.csproj", "{349371D3-EC4C-46C5-9217-D3915987FF2A}"
EndProject
Project("{9A19103F-16F7-4668-BE54-9A1E7A4F7556}") = "Czeum.Abstractions", "Czeum.Abstractions\Czeum.Abstractions.csproj", "{F9DA0E65-03B2-4531-8BEA-A4AA438CAF88}"
EndProject
Project("{9A19103F-16F7-4668-BE54-9A1E7A4F7556}") = "Czeum.Connect4Logic", "Czeum.Connect4Logic\Czeum.Connect4Logic.csproj", "{53505D79-EE7C-4835-A265-E51A010271BE}"
EndProject
Project("{9A19103F-16F7-4668-BE54-9A1E7A4F7556}") = "Czeum.ChessLogic", "Czeum.ChessLogic\Czeum.ChessLogic.csproj", "{820F9E54-8BDE-4A1F-89B7-EE509F5ACCEA}"
EndProject
Project("{9A19103F-16F7-4668-BE54-9A1E7A4F7556}") = "Czeum.Tests", "Czeum.Tests\Czeum.Tests.csproj", "{D2F25AE0-A16C-4499-89D6-CB15038345F4}"
EndProject
Project("{9A19103F-16F7-4668-BE54-9A1E7A4F7556}") = "Czeum.DTO", "Czeum.DTO\Czeum.DTO.csproj", "{E7C9A283-5BF0-44FD-B645-99DE3925CC89}"
EndProject
Project("{9A19103F-16F7-4668-BE54-9A1E7A4F7556}") = "Czeum.ClientCallback", "Czeum.ClientCallback\Czeum.ClientCallback.csproj", "{03F8C5A5-D26A-48F8-9759-27BEC4E586A7}"
EndProject
Project("{9A19103F-16F7-4668-BE54-9A1E7A4F7556}") = "Czeum.Api", "Czeum.Api\Czeum.Api.csproj", "{15387213-0FEA-417C-9290-8ACAD6075F15}"
EndProject
Project("{9A19103F-16F7-4668-BE54-9A1E7A4F7556}") = "Czeum.Application", "Czeum.Application\Czeum.Application.csproj", "{FC4BC6A6-6272-4A29-83EC-8AFBE14A1623}"
EndProject
Project("{2150E333-8FDC-42A3-9474-1A3956D46DE8}") = "backend", "backend", "{58ABE61B-2A0E-4652-90C1-1B56339C9F35}"
EndProject
Project("{2150E333-8FDC-42A3-9474-1A3956D46DE8}") = "core", "core", "{1227F2C3-7BF7-489D-AF74-297F52146C54}"
EndProject
Project("{2150E333-8FDC-42A3-9474-1A3956D46DE8}") = "frontend", "frontend", "{CE7EE93F-CF66-4EDB-B76E-825A84EE4FB9}"
EndProject
Project("{FAE04EC0-301F-11D3-BF4B-00C04F79EFBC}") = "Czeum.Domain", "Czeum.Domain\Czeum.Domain.csproj", "{C8E1268E-EE2F-47E8-9A33-D617D1D09184}"
EndProject
Global
	GlobalSection(SolutionConfigurationPlatforms) = preSolution
		Debug|Any CPU = Debug|Any CPU
		Debug|ARM = Debug|ARM
		Debug|x64 = Debug|x64
		Debug|x86 = Debug|x86
		Release|Any CPU = Release|Any CPU
		Release|ARM = Release|ARM
		Release|x64 = Release|x64
		Release|x86 = Release|x86
	EndGlobalSection
	GlobalSection(ProjectConfigurationPlatforms) = postSolution
		{3968CF5B-6349-4B9F-872C-50F13A2B711F}.Debug|Any CPU.ActiveCfg = Debug|x86
		{3968CF5B-6349-4B9F-872C-50F13A2B711F}.Debug|Any CPU.Build.0 = Debug|x86
		{3968CF5B-6349-4B9F-872C-50F13A2B711F}.Debug|Any CPU.Deploy.0 = Debug|x86
		{3968CF5B-6349-4B9F-872C-50F13A2B711F}.Debug|ARM.ActiveCfg = Debug|ARM
		{3968CF5B-6349-4B9F-872C-50F13A2B711F}.Debug|ARM.Build.0 = Debug|ARM
		{3968CF5B-6349-4B9F-872C-50F13A2B711F}.Debug|ARM.Deploy.0 = Debug|ARM
		{3968CF5B-6349-4B9F-872C-50F13A2B711F}.Debug|x64.ActiveCfg = Debug|x64
		{3968CF5B-6349-4B9F-872C-50F13A2B711F}.Debug|x64.Build.0 = Debug|x64
		{3968CF5B-6349-4B9F-872C-50F13A2B711F}.Debug|x64.Deploy.0 = Debug|x64
		{3968CF5B-6349-4B9F-872C-50F13A2B711F}.Debug|x86.ActiveCfg = Debug|x86
		{3968CF5B-6349-4B9F-872C-50F13A2B711F}.Debug|x86.Build.0 = Debug|x86
		{3968CF5B-6349-4B9F-872C-50F13A2B711F}.Debug|x86.Deploy.0 = Debug|x86
		{3968CF5B-6349-4B9F-872C-50F13A2B711F}.Release|Any CPU.ActiveCfg = Release|x86
		{3968CF5B-6349-4B9F-872C-50F13A2B711F}.Release|ARM.ActiveCfg = Release|ARM
		{3968CF5B-6349-4B9F-872C-50F13A2B711F}.Release|ARM.Build.0 = Release|ARM
		{3968CF5B-6349-4B9F-872C-50F13A2B711F}.Release|ARM.Deploy.0 = Release|ARM
		{3968CF5B-6349-4B9F-872C-50F13A2B711F}.Release|x64.ActiveCfg = Release|x64
		{3968CF5B-6349-4B9F-872C-50F13A2B711F}.Release|x64.Build.0 = Release|x64
		{3968CF5B-6349-4B9F-872C-50F13A2B711F}.Release|x64.Deploy.0 = Release|x64
		{3968CF5B-6349-4B9F-872C-50F13A2B711F}.Release|x86.ActiveCfg = Release|x86
		{3968CF5B-6349-4B9F-872C-50F13A2B711F}.Release|x86.Build.0 = Release|x86
		{3968CF5B-6349-4B9F-872C-50F13A2B711F}.Release|x86.Deploy.0 = Release|x86
		{349371D3-EC4C-46C5-9217-D3915987FF2A}.Debug|Any CPU.ActiveCfg = Debug|Any CPU
		{349371D3-EC4C-46C5-9217-D3915987FF2A}.Debug|Any CPU.Build.0 = Debug|Any CPU
		{349371D3-EC4C-46C5-9217-D3915987FF2A}.Debug|ARM.ActiveCfg = Debug|Any CPU
		{349371D3-EC4C-46C5-9217-D3915987FF2A}.Debug|ARM.Build.0 = Debug|Any CPU
		{349371D3-EC4C-46C5-9217-D3915987FF2A}.Debug|x64.ActiveCfg = Debug|Any CPU
		{349371D3-EC4C-46C5-9217-D3915987FF2A}.Debug|x64.Build.0 = Debug|Any CPU
		{349371D3-EC4C-46C5-9217-D3915987FF2A}.Debug|x86.ActiveCfg = Debug|Any CPU
		{349371D3-EC4C-46C5-9217-D3915987FF2A}.Debug|x86.Build.0 = Debug|Any CPU
		{349371D3-EC4C-46C5-9217-D3915987FF2A}.Release|Any CPU.ActiveCfg = Release|Any CPU
		{349371D3-EC4C-46C5-9217-D3915987FF2A}.Release|Any CPU.Build.0 = Release|Any CPU
		{349371D3-EC4C-46C5-9217-D3915987FF2A}.Release|ARM.ActiveCfg = Release|Any CPU
		{349371D3-EC4C-46C5-9217-D3915987FF2A}.Release|ARM.Build.0 = Release|Any CPU
		{349371D3-EC4C-46C5-9217-D3915987FF2A}.Release|x64.ActiveCfg = Release|Any CPU
		{349371D3-EC4C-46C5-9217-D3915987FF2A}.Release|x64.Build.0 = Release|Any CPU
		{349371D3-EC4C-46C5-9217-D3915987FF2A}.Release|x86.ActiveCfg = Release|Any CPU
		{349371D3-EC4C-46C5-9217-D3915987FF2A}.Release|x86.Build.0 = Release|Any CPU
		{F9DA0E65-03B2-4531-8BEA-A4AA438CAF88}.Debug|Any CPU.ActiveCfg = Debug|Any CPU
		{F9DA0E65-03B2-4531-8BEA-A4AA438CAF88}.Debug|Any CPU.Build.0 = Debug|Any CPU
		{F9DA0E65-03B2-4531-8BEA-A4AA438CAF88}.Debug|ARM.ActiveCfg = Debug|Any CPU
		{F9DA0E65-03B2-4531-8BEA-A4AA438CAF88}.Debug|ARM.Build.0 = Debug|Any CPU
		{F9DA0E65-03B2-4531-8BEA-A4AA438CAF88}.Debug|x64.ActiveCfg = Debug|Any CPU
		{F9DA0E65-03B2-4531-8BEA-A4AA438CAF88}.Debug|x64.Build.0 = Debug|Any CPU
		{F9DA0E65-03B2-4531-8BEA-A4AA438CAF88}.Debug|x86.ActiveCfg = Debug|Any CPU
		{F9DA0E65-03B2-4531-8BEA-A4AA438CAF88}.Debug|x86.Build.0 = Debug|Any CPU
		{F9DA0E65-03B2-4531-8BEA-A4AA438CAF88}.Release|Any CPU.ActiveCfg = Release|Any CPU
		{F9DA0E65-03B2-4531-8BEA-A4AA438CAF88}.Release|Any CPU.Build.0 = Release|Any CPU
		{F9DA0E65-03B2-4531-8BEA-A4AA438CAF88}.Release|ARM.ActiveCfg = Release|Any CPU
		{F9DA0E65-03B2-4531-8BEA-A4AA438CAF88}.Release|ARM.Build.0 = Release|Any CPU
		{F9DA0E65-03B2-4531-8BEA-A4AA438CAF88}.Release|x64.ActiveCfg = Release|Any CPU
		{F9DA0E65-03B2-4531-8BEA-A4AA438CAF88}.Release|x64.Build.0 = Release|Any CPU
		{F9DA0E65-03B2-4531-8BEA-A4AA438CAF88}.Release|x86.ActiveCfg = Release|Any CPU
		{F9DA0E65-03B2-4531-8BEA-A4AA438CAF88}.Release|x86.Build.0 = Release|Any CPU
		{53505D79-EE7C-4835-A265-E51A010271BE}.Debug|Any CPU.ActiveCfg = Debug|Any CPU
		{53505D79-EE7C-4835-A265-E51A010271BE}.Debug|Any CPU.Build.0 = Debug|Any CPU
		{53505D79-EE7C-4835-A265-E51A010271BE}.Debug|ARM.ActiveCfg = Debug|Any CPU
		{53505D79-EE7C-4835-A265-E51A010271BE}.Debug|ARM.Build.0 = Debug|Any CPU
		{53505D79-EE7C-4835-A265-E51A010271BE}.Debug|x64.ActiveCfg = Debug|Any CPU
		{53505D79-EE7C-4835-A265-E51A010271BE}.Debug|x64.Build.0 = Debug|Any CPU
		{53505D79-EE7C-4835-A265-E51A010271BE}.Debug|x86.ActiveCfg = Debug|Any CPU
		{53505D79-EE7C-4835-A265-E51A010271BE}.Debug|x86.Build.0 = Debug|Any CPU
		{53505D79-EE7C-4835-A265-E51A010271BE}.Release|Any CPU.ActiveCfg = Release|Any CPU
		{53505D79-EE7C-4835-A265-E51A010271BE}.Release|Any CPU.Build.0 = Release|Any CPU
		{53505D79-EE7C-4835-A265-E51A010271BE}.Release|ARM.ActiveCfg = Release|Any CPU
		{53505D79-EE7C-4835-A265-E51A010271BE}.Release|ARM.Build.0 = Release|Any CPU
		{53505D79-EE7C-4835-A265-E51A010271BE}.Release|x64.ActiveCfg = Release|Any CPU
		{53505D79-EE7C-4835-A265-E51A010271BE}.Release|x64.Build.0 = Release|Any CPU
		{53505D79-EE7C-4835-A265-E51A010271BE}.Release|x86.ActiveCfg = Release|Any CPU
		{53505D79-EE7C-4835-A265-E51A010271BE}.Release|x86.Build.0 = Release|Any CPU
		{820F9E54-8BDE-4A1F-89B7-EE509F5ACCEA}.Debug|Any CPU.ActiveCfg = Debug|Any CPU
		{820F9E54-8BDE-4A1F-89B7-EE509F5ACCEA}.Debug|Any CPU.Build.0 = Debug|Any CPU
		{820F9E54-8BDE-4A1F-89B7-EE509F5ACCEA}.Debug|ARM.ActiveCfg = Debug|Any CPU
		{820F9E54-8BDE-4A1F-89B7-EE509F5ACCEA}.Debug|ARM.Build.0 = Debug|Any CPU
		{820F9E54-8BDE-4A1F-89B7-EE509F5ACCEA}.Debug|x64.ActiveCfg = Debug|Any CPU
		{820F9E54-8BDE-4A1F-89B7-EE509F5ACCEA}.Debug|x64.Build.0 = Debug|Any CPU
		{820F9E54-8BDE-4A1F-89B7-EE509F5ACCEA}.Debug|x86.ActiveCfg = Debug|Any CPU
		{820F9E54-8BDE-4A1F-89B7-EE509F5ACCEA}.Debug|x86.Build.0 = Debug|Any CPU
		{820F9E54-8BDE-4A1F-89B7-EE509F5ACCEA}.Release|Any CPU.ActiveCfg = Release|Any CPU
		{820F9E54-8BDE-4A1F-89B7-EE509F5ACCEA}.Release|Any CPU.Build.0 = Release|Any CPU
		{820F9E54-8BDE-4A1F-89B7-EE509F5ACCEA}.Release|ARM.ActiveCfg = Release|Any CPU
		{820F9E54-8BDE-4A1F-89B7-EE509F5ACCEA}.Release|ARM.Build.0 = Release|Any CPU
		{820F9E54-8BDE-4A1F-89B7-EE509F5ACCEA}.Release|x64.ActiveCfg = Release|Any CPU
		{820F9E54-8BDE-4A1F-89B7-EE509F5ACCEA}.Release|x64.Build.0 = Release|Any CPU
		{820F9E54-8BDE-4A1F-89B7-EE509F5ACCEA}.Release|x86.ActiveCfg = Release|Any CPU
		{820F9E54-8BDE-4A1F-89B7-EE509F5ACCEA}.Release|x86.Build.0 = Release|Any CPU
		{D2F25AE0-A16C-4499-89D6-CB15038345F4}.Debug|Any CPU.ActiveCfg = Debug|Any CPU
		{D2F25AE0-A16C-4499-89D6-CB15038345F4}.Debug|Any CPU.Build.0 = Debug|Any CPU
		{D2F25AE0-A16C-4499-89D6-CB15038345F4}.Debug|ARM.ActiveCfg = Debug|Any CPU
		{D2F25AE0-A16C-4499-89D6-CB15038345F4}.Debug|ARM.Build.0 = Debug|Any CPU
		{D2F25AE0-A16C-4499-89D6-CB15038345F4}.Debug|x64.ActiveCfg = Debug|Any CPU
		{D2F25AE0-A16C-4499-89D6-CB15038345F4}.Debug|x64.Build.0 = Debug|Any CPU
		{D2F25AE0-A16C-4499-89D6-CB15038345F4}.Debug|x86.ActiveCfg = Debug|Any CPU
		{D2F25AE0-A16C-4499-89D6-CB15038345F4}.Debug|x86.Build.0 = Debug|Any CPU
		{D2F25AE0-A16C-4499-89D6-CB15038345F4}.Release|Any CPU.ActiveCfg = Release|Any CPU
		{D2F25AE0-A16C-4499-89D6-CB15038345F4}.Release|Any CPU.Build.0 = Release|Any CPU
		{D2F25AE0-A16C-4499-89D6-CB15038345F4}.Release|ARM.ActiveCfg = Release|Any CPU
		{D2F25AE0-A16C-4499-89D6-CB15038345F4}.Release|ARM.Build.0 = Release|Any CPU
		{D2F25AE0-A16C-4499-89D6-CB15038345F4}.Release|x64.ActiveCfg = Release|Any CPU
		{D2F25AE0-A16C-4499-89D6-CB15038345F4}.Release|x64.Build.0 = Release|Any CPU
		{D2F25AE0-A16C-4499-89D6-CB15038345F4}.Release|x86.ActiveCfg = Release|Any CPU
		{D2F25AE0-A16C-4499-89D6-CB15038345F4}.Release|x86.Build.0 = Release|Any CPU
		{E7C9A283-5BF0-44FD-B645-99DE3925CC89}.Debug|Any CPU.ActiveCfg = Debug|Any CPU
		{E7C9A283-5BF0-44FD-B645-99DE3925CC89}.Debug|Any CPU.Build.0 = Debug|Any CPU
		{E7C9A283-5BF0-44FD-B645-99DE3925CC89}.Debug|ARM.ActiveCfg = Debug|Any CPU
		{E7C9A283-5BF0-44FD-B645-99DE3925CC89}.Debug|ARM.Build.0 = Debug|Any CPU
		{E7C9A283-5BF0-44FD-B645-99DE3925CC89}.Debug|x64.ActiveCfg = Debug|Any CPU
		{E7C9A283-5BF0-44FD-B645-99DE3925CC89}.Debug|x64.Build.0 = Debug|Any CPU
		{E7C9A283-5BF0-44FD-B645-99DE3925CC89}.Debug|x86.ActiveCfg = Debug|Any CPU
		{E7C9A283-5BF0-44FD-B645-99DE3925CC89}.Debug|x86.Build.0 = Debug|Any CPU
		{E7C9A283-5BF0-44FD-B645-99DE3925CC89}.Release|Any CPU.ActiveCfg = Release|Any CPU
		{E7C9A283-5BF0-44FD-B645-99DE3925CC89}.Release|Any CPU.Build.0 = Release|Any CPU
		{E7C9A283-5BF0-44FD-B645-99DE3925CC89}.Release|ARM.ActiveCfg = Release|Any CPU
		{E7C9A283-5BF0-44FD-B645-99DE3925CC89}.Release|ARM.Build.0 = Release|Any CPU
		{E7C9A283-5BF0-44FD-B645-99DE3925CC89}.Release|x64.ActiveCfg = Release|Any CPU
		{E7C9A283-5BF0-44FD-B645-99DE3925CC89}.Release|x64.Build.0 = Release|Any CPU
		{E7C9A283-5BF0-44FD-B645-99DE3925CC89}.Release|x86.ActiveCfg = Release|Any CPU
		{E7C9A283-5BF0-44FD-B645-99DE3925CC89}.Release|x86.Build.0 = Release|Any CPU
		{03F8C5A5-D26A-48F8-9759-27BEC4E586A7}.Debug|Any CPU.ActiveCfg = Debug|Any CPU
		{03F8C5A5-D26A-48F8-9759-27BEC4E586A7}.Debug|Any CPU.Build.0 = Debug|Any CPU
		{03F8C5A5-D26A-48F8-9759-27BEC4E586A7}.Debug|ARM.ActiveCfg = Debug|Any CPU
		{03F8C5A5-D26A-48F8-9759-27BEC4E586A7}.Debug|ARM.Build.0 = Debug|Any CPU
		{03F8C5A5-D26A-48F8-9759-27BEC4E586A7}.Debug|x64.ActiveCfg = Debug|Any CPU
		{03F8C5A5-D26A-48F8-9759-27BEC4E586A7}.Debug|x64.Build.0 = Debug|Any CPU
		{03F8C5A5-D26A-48F8-9759-27BEC4E586A7}.Debug|x86.ActiveCfg = Debug|Any CPU
		{03F8C5A5-D26A-48F8-9759-27BEC4E586A7}.Debug|x86.Build.0 = Debug|Any CPU
		{03F8C5A5-D26A-48F8-9759-27BEC4E586A7}.Release|Any CPU.ActiveCfg = Release|Any CPU
		{03F8C5A5-D26A-48F8-9759-27BEC4E586A7}.Release|Any CPU.Build.0 = Release|Any CPU
		{03F8C5A5-D26A-48F8-9759-27BEC4E586A7}.Release|ARM.ActiveCfg = Release|Any CPU
		{03F8C5A5-D26A-48F8-9759-27BEC4E586A7}.Release|ARM.Build.0 = Release|Any CPU
		{03F8C5A5-D26A-48F8-9759-27BEC4E586A7}.Release|x64.ActiveCfg = Release|Any CPU
		{03F8C5A5-D26A-48F8-9759-27BEC4E586A7}.Release|x64.Build.0 = Release|Any CPU
		{03F8C5A5-D26A-48F8-9759-27BEC4E586A7}.Release|x86.ActiveCfg = Release|Any CPU
		{03F8C5A5-D26A-48F8-9759-27BEC4E586A7}.Release|x86.Build.0 = Release|Any CPU
		{15387213-0FEA-417C-9290-8ACAD6075F15}.Debug|Any CPU.ActiveCfg = Debug|Any CPU
		{15387213-0FEA-417C-9290-8ACAD6075F15}.Debug|Any CPU.Build.0 = Debug|Any CPU
		{15387213-0FEA-417C-9290-8ACAD6075F15}.Debug|ARM.ActiveCfg = Debug|Any CPU
		{15387213-0FEA-417C-9290-8ACAD6075F15}.Debug|ARM.Build.0 = Debug|Any CPU
		{15387213-0FEA-417C-9290-8ACAD6075F15}.Debug|x64.ActiveCfg = Debug|Any CPU
		{15387213-0FEA-417C-9290-8ACAD6075F15}.Debug|x64.Build.0 = Debug|Any CPU
		{15387213-0FEA-417C-9290-8ACAD6075F15}.Debug|x86.ActiveCfg = Debug|Any CPU
		{15387213-0FEA-417C-9290-8ACAD6075F15}.Debug|x86.Build.0 = Debug|Any CPU
		{15387213-0FEA-417C-9290-8ACAD6075F15}.Release|Any CPU.ActiveCfg = Release|Any CPU
		{15387213-0FEA-417C-9290-8ACAD6075F15}.Release|Any CPU.Build.0 = Release|Any CPU
		{15387213-0FEA-417C-9290-8ACAD6075F15}.Release|ARM.ActiveCfg = Release|Any CPU
		{15387213-0FEA-417C-9290-8ACAD6075F15}.Release|ARM.Build.0 = Release|Any CPU
		{15387213-0FEA-417C-9290-8ACAD6075F15}.Release|x64.ActiveCfg = Release|Any CPU
		{15387213-0FEA-417C-9290-8ACAD6075F15}.Release|x64.Build.0 = Release|Any CPU
		{15387213-0FEA-417C-9290-8ACAD6075F15}.Release|x86.ActiveCfg = Release|Any CPU
		{15387213-0FEA-417C-9290-8ACAD6075F15}.Release|x86.Build.0 = Release|Any CPU
		{FC4BC6A6-6272-4A29-83EC-8AFBE14A1623}.Debug|Any CPU.ActiveCfg = Debug|Any CPU
		{FC4BC6A6-6272-4A29-83EC-8AFBE14A1623}.Debug|Any CPU.Build.0 = Debug|Any CPU
		{FC4BC6A6-6272-4A29-83EC-8AFBE14A1623}.Debug|ARM.ActiveCfg = Debug|Any CPU
		{FC4BC6A6-6272-4A29-83EC-8AFBE14A1623}.Debug|ARM.Build.0 = Debug|Any CPU
		{FC4BC6A6-6272-4A29-83EC-8AFBE14A1623}.Debug|x64.ActiveCfg = Debug|Any CPU
		{FC4BC6A6-6272-4A29-83EC-8AFBE14A1623}.Debug|x64.Build.0 = Debug|Any CPU
		{FC4BC6A6-6272-4A29-83EC-8AFBE14A1623}.Debug|x86.ActiveCfg = Debug|Any CPU
		{FC4BC6A6-6272-4A29-83EC-8AFBE14A1623}.Debug|x86.Build.0 = Debug|Any CPU
		{FC4BC6A6-6272-4A29-83EC-8AFBE14A1623}.Release|Any CPU.ActiveCfg = Release|Any CPU
		{FC4BC6A6-6272-4A29-83EC-8AFBE14A1623}.Release|Any CPU.Build.0 = Release|Any CPU
		{FC4BC6A6-6272-4A29-83EC-8AFBE14A1623}.Release|ARM.ActiveCfg = Release|Any CPU
		{FC4BC6A6-6272-4A29-83EC-8AFBE14A1623}.Release|ARM.Build.0 = Release|Any CPU
		{FC4BC6A6-6272-4A29-83EC-8AFBE14A1623}.Release|x64.ActiveCfg = Release|Any CPU
		{FC4BC6A6-6272-4A29-83EC-8AFBE14A1623}.Release|x64.Build.0 = Release|Any CPU
		{FC4BC6A6-6272-4A29-83EC-8AFBE14A1623}.Release|x86.ActiveCfg = Release|Any CPU
		{FC4BC6A6-6272-4A29-83EC-8AFBE14A1623}.Release|x86.Build.0 = Release|Any CPU
		{C8E1268E-EE2F-47E8-9A33-D617D1D09184}.Debug|Any CPU.ActiveCfg = Debug|Any CPU
		{C8E1268E-EE2F-47E8-9A33-D617D1D09184}.Debug|Any CPU.Build.0 = Debug|Any CPU
		{C8E1268E-EE2F-47E8-9A33-D617D1D09184}.Debug|ARM.ActiveCfg = Debug|Any CPU
		{C8E1268E-EE2F-47E8-9A33-D617D1D09184}.Debug|ARM.Build.0 = Debug|Any CPU
		{C8E1268E-EE2F-47E8-9A33-D617D1D09184}.Debug|x64.ActiveCfg = Debug|Any CPU
		{C8E1268E-EE2F-47E8-9A33-D617D1D09184}.Debug|x64.Build.0 = Debug|Any CPU
		{C8E1268E-EE2F-47E8-9A33-D617D1D09184}.Debug|x86.ActiveCfg = Debug|Any CPU
		{C8E1268E-EE2F-47E8-9A33-D617D1D09184}.Debug|x86.Build.0 = Debug|Any CPU
		{C8E1268E-EE2F-47E8-9A33-D617D1D09184}.Release|Any CPU.ActiveCfg = Release|Any CPU
		{C8E1268E-EE2F-47E8-9A33-D617D1D09184}.Release|Any CPU.Build.0 = Release|Any CPU
		{C8E1268E-EE2F-47E8-9A33-D617D1D09184}.Release|ARM.ActiveCfg = Release|Any CPU
		{C8E1268E-EE2F-47E8-9A33-D617D1D09184}.Release|ARM.Build.0 = Release|Any CPU
		{C8E1268E-EE2F-47E8-9A33-D617D1D09184}.Release|x64.ActiveCfg = Release|Any CPU
		{C8E1268E-EE2F-47E8-9A33-D617D1D09184}.Release|x64.Build.0 = Release|Any CPU
		{C8E1268E-EE2F-47E8-9A33-D617D1D09184}.Release|x86.ActiveCfg = Release|Any CPU
		{C8E1268E-EE2F-47E8-9A33-D617D1D09184}.Release|x86.Build.0 = Release|Any CPU
	EndGlobalSection
	GlobalSection(SolutionProperties) = preSolution
		HideSolutionNode = FALSE
	EndGlobalSection
	GlobalSection(NestedProjects) = preSolution
		{3968CF5B-6349-4B9F-872C-50F13A2B711F} = {CE7EE93F-CF66-4EDB-B76E-825A84EE4FB9}
		{349371D3-EC4C-46C5-9217-D3915987FF2A} = {58ABE61B-2A0E-4652-90C1-1B56339C9F35}
		{F9DA0E65-03B2-4531-8BEA-A4AA438CAF88} = {1227F2C3-7BF7-489D-AF74-297F52146C54}
		{53505D79-EE7C-4835-A265-E51A010271BE} = {58ABE61B-2A0E-4652-90C1-1B56339C9F35}
		{820F9E54-8BDE-4A1F-89B7-EE509F5ACCEA} = {58ABE61B-2A0E-4652-90C1-1B56339C9F35}
		{E7C9A283-5BF0-44FD-B645-99DE3925CC89} = {1227F2C3-7BF7-489D-AF74-297F52146C54}
		{03F8C5A5-D26A-48F8-9759-27BEC4E586A7} = {1227F2C3-7BF7-489D-AF74-297F52146C54}
		{15387213-0FEA-417C-9290-8ACAD6075F15} = {58ABE61B-2A0E-4652-90C1-1B56339C9F35}
		{FC4BC6A6-6272-4A29-83EC-8AFBE14A1623} = {58ABE61B-2A0E-4652-90C1-1B56339C9F35}
		{C8E1268E-EE2F-47E8-9A33-D617D1D09184} = {58ABE61B-2A0E-4652-90C1-1B56339C9F35}
		{D2F25AE0-A16C-4499-89D6-CB15038345F4} = {58ABE61B-2A0E-4652-90C1-1B56339C9F35}
	EndGlobalSection
	GlobalSection(ExtensibilityGlobals) = postSolution
		SolutionGuid = {808E91F3-F4BD-4814-9AA2-DA63126EC13E}
	EndGlobalSection
EndGlobal
